
Microsoft Visual Studio Solution File, Format Version 12.00
# Visual Studio Version 16
VisualStudioVersion = 16.0.29306.81
MinimumVisualStudioVersion = 10.0.40219.1
Project("{9A19103F-16F7-4668-BE54-9A1E7A4F7556}") = "LibraryManagement.API", "LibraryManagement.API\LibraryManagement.API.csproj", "{0A9E75A0-714F-49EB-98AE-1B4C886CA485}"
EndProject
Project("{9A19103F-16F7-4668-BE54-9A1E7A4F7556}") = "LibraryManagement.Admin", "LibraryManagement.Admin\LibraryManagement.Admin.csproj", "{C9AE14A1-3637-4EBD-8C44-6C578BB5DC2D}"
EndProject
Project("{9A19103F-16F7-4668-BE54-9A1E7A4F7556}") = "LibraryManagement.Application", "LibraryManagement.Application\LibraryManagement.Application.csproj", "{6A5B5EA0-5D4D-44BA-95A7-7549B0B7145F}"
EndProject
Project("{9A19103F-16F7-4668-BE54-9A1E7A4F7556}") = "LibraryManagement.Web", "LibraryManagement.Web\LibraryManagement.Web.csproj", "{44E9F86A-97FC-42CF-BAA9-6268A7976E99}"
EndProject
Project("{00D1A9C2-B5F0-4AF3-8072-F6C62B433612}") = "LibraryManagement.Database", "LibraryManagement.Database\LibraryManagement.Database.sqlproj", "{D2742186-3A7B-4919-926D-78B93E9A5DCD}"
EndProject
Global
	GlobalSection(SolutionConfigurationPlatforms) = preSolution
		Debug|Any CPU = Debug|Any CPU
		Release|Any CPU = Release|Any CPU
	EndGlobalSection
	GlobalSection(ProjectConfigurationPlatforms) = postSolution
		{0A9E75A0-714F-49EB-98AE-1B4C886CA485}.Debug|Any CPU.ActiveCfg = Debug|Any CPU
		{0A9E75A0-714F-49EB-98AE-1B4C886CA485}.Debug|Any CPU.Build.0 = Debug|Any CPU
		{0A9E75A0-714F-49EB-98AE-1B4C886CA485}.Release|Any CPU.ActiveCfg = Release|Any CPU
		{0A9E75A0-714F-49EB-98AE-1B4C886CA485}.Release|Any CPU.Build.0 = Release|Any CPU
		{C9AE14A1-3637-4EBD-8C44-6C578BB5DC2D}.Debug|Any CPU.ActiveCfg = Debug|Any CPU
		{C9AE14A1-3637-4EBD-8C44-6C578BB5DC2D}.Debug|Any CPU.Build.0 = Debug|Any CPU
		{C9AE14A1-3637-4EBD-8C44-6C578BB5DC2D}.Release|Any CPU.ActiveCfg = Release|Any CPU
		{C9AE14A1-3637-4EBD-8C44-6C578BB5DC2D}.Release|Any CPU.Build.0 = Release|Any CPU
		{6A5B5EA0-5D4D-44BA-95A7-7549B0B7145F}.Debug|Any CPU.ActiveCfg = Debug|Any CPU
		{6A5B5EA0-5D4D-44BA-95A7-7549B0B7145F}.Debug|Any CPU.Build.0 = Debug|Any CPU
		{6A5B5EA0-5D4D-44BA-95A7-7549B0B7145F}.Release|Any CPU.ActiveCfg = Release|Any CPU
		{6A5B5EA0-5D4D-44BA-95A7-7549B0B7145F}.Release|Any CPU.Build.0 = Release|Any CPU
		{44E9F86A-97FC-42CF-BAA9-6268A7976E99}.Debug|Any CPU.ActiveCfg = Debug|Any CPU
		{44E9F86A-97FC-42CF-BAA9-6268A7976E99}.Debug|Any CPU.Build.0 = Debug|Any CPU
		{44E9F86A-97FC-42CF-BAA9-6268A7976E99}.Release|Any CPU.ActiveCfg = Release|Any CPU
		{44E9F86A-97FC-42CF-BAA9-6268A7976E99}.Release|Any CPU.Build.0 = Release|Any CPU
		{D2742186-3A7B-4919-926D-78B93E9A5DCD}.Debug|Any CPU.ActiveCfg = Debug|Any CPU
		{D2742186-3A7B-4919-926D-78B93E9A5DCD}.Debug|Any CPU.Build.0 = Debug|Any CPU
		{D2742186-3A7B-4919-926D-78B93E9A5DCD}.Debug|Any CPU.Deploy.0 = Debug|Any CPU
		{D2742186-3A7B-4919-926D-78B93E9A5DCD}.Release|Any CPU.ActiveCfg = Release|Any CPU
		{D2742186-3A7B-4919-926D-78B93E9A5DCD}.Release|Any CPU.Build.0 = Release|Any CPU
		{D2742186-3A7B-4919-926D-78B93E9A5DCD}.Release|Any CPU.Deploy.0 = Release|Any CPU
	EndGlobalSection
	GlobalSection(SolutionProperties) = preSolution
		HideSolutionNode = FALSE
	EndGlobalSection
	GlobalSection(ExtensibilityGlobals) = postSolution
		SolutionGuid = {ED6345C2-0C5E-4096-947B-CE327E6DCB57}
	EndGlobalSection
EndGlobal
